
Microsoft Visual Studio Solution File, Format Version 12.00
# Visual Studio 2012
Project("{FAE04EC0-301F-11D3-BF4B-00C04F79EFBC}") = "iOSPlayAudioClip", "iOSPlayAudioClip\iOSPlayAudioClip.csproj", "{3B4D90A4-0569-4A55-8931-8EE3216C3979}"
EndProject
Global
	GlobalSection(SolutionConfigurationPlatforms) = preSolution
		Debug|iPhoneSimulator = Debug|iPhoneSimulator
		Release|iPhone = Release|iPhone
		Release|iPhoneSimulator = Release|iPhoneSimulator
		Debug|iPhone = Debug|iPhone
	EndGlobalSection
	GlobalSection(ProjectConfigurationPlatforms) = postSolution
		{3B4D90A4-0569-4A55-8931-8EE3216C3979}.Debug|iPhoneSimulator.ActiveCfg = Debug|iPhoneSimulator
		{3B4D90A4-0569-4A55-8931-8EE3216C3979}.Debug|iPhoneSimulator.Build.0 = Debug|iPhoneSimulator
		{3B4D90A4-0569-4A55-8931-8EE3216C3979}.Release|iPhone.ActiveCfg = Release|iPhone
		{3B4D90A4-0569-4A55-8931-8EE3216C3979}.Release|iPhone.Build.0 = Release|iPhone
		{3B4D90A4-0569-4A55-8931-8EE3216C3979}.Release|iPhoneSimulator.ActiveCfg = Release|iPhoneSimulator
		{3B4D90A4-0569-4A55-8931-8EE3216C3979}.Release|iPhoneSimulator.Build.0 = Release|iPhoneSimulator
		{3B4D90A4-0569-4A55-8931-8EE3216C3979}.Debug|iPhone.ActiveCfg = Debug|iPhone
		{3B4D90A4-0569-4A55-8931-8EE3216C3979}.Debug|iPhone.Build.0 = Debug|iPhone
	EndGlobalSection
EndGlobal
